{
  "name": "JuegoSaviorsOfTheSomme",
  "version": "1.0.0",
  "lockfileVersion": 1,
  "requires": true,
  "dependencies": {
    "eventemitter3": {
      "version": "3.1.0",
      "resolved": "https://registry.npmjs.org/eventemitter3/-/eventemitter3-3.1.0.tgz",
      "integrity": "sha512-ivIvhpq/Y0uSjcHDcOIccjmYjGLcP09MFGE7ysAwkAvkXfpZlC985pH2/ui64DKazbTW/4kN3yqozUxlXzI6cA=="
    },
    "phaser": {
      "version": "3.8.0",
      "resolved": "https://registry.npmjs.org/phaser/-/phaser-3.8.0.tgz",
      "integrity": "sha512-Ukj+G08a6Ub/1sr3LNJ2zDqcOhtPDE2kj0xG1P2/yeKK+ucwlosL3RzHWPH5vTfjVSkkIcefed9o7K2zxYqUiw==",
      "requires": {
        "eventemitter3": "3.1.0"
      }
    }
  }
}
